
Microsoft Visual Studio Solution File, Format Version 12.00
# Visual Studio Version 16
VisualStudioVersion = 16.0.30907.101
MinimumVisualStudioVersion = 10.0.40219.1
Project("{FAE04EC0-301F-11D3-BF4B-00C04F79EFBC}") = "Optimal_Asset_Allocation_final", "Optimal_Asset_Allocation_final\Optimal_Asset_Allocation_final.csproj", "{BD157248-D483-45C1-8996-CBE4B85BA945}"
EndProject
Global
	GlobalSection(SolutionConfigurationPlatforms) = preSolution
		Debug|Any CPU = Debug|Any CPU
		Release|Any CPU = Release|Any CPU
	EndGlobalSection
	GlobalSection(ProjectConfigurationPlatforms) = postSolution
		{BD157248-D483-45C1-8996-CBE4B85BA945}.Debug|Any CPU.ActiveCfg = Debug|Any CPU
		{BD157248-D483-45C1-8996-CBE4B85BA945}.Debug|Any CPU.Build.0 = Debug|Any CPU
		{BD157248-D483-45C1-8996-CBE4B85BA945}.Release|Any CPU.ActiveCfg = Release|Any CPU
		{BD157248-D483-45C1-8996-CBE4B85BA945}.Release|Any CPU.Build.0 = Release|Any CPU
	EndGlobalSection
	GlobalSection(SolutionProperties) = preSolution
		HideSolutionNode = FALSE
	EndGlobalSection
	GlobalSection(ExtensibilityGlobals) = postSolution
		SolutionGuid = {0A4FDDE5-6131-4722-8A8D-D142BF5D3439}
	EndGlobalSection
EndGlobal
